Microsoft Visual Studio Solution File, Format Version 11.00
# Visual Studio 2008

Project("{375B2A78-C89D-9A9A-8F51-4D1D622D598A}") = "zombie age", "Assembly-CSharp-vs.csproj", "{C8A3952D-A0FA-162E-6009-D24523CD4CE8}"
EndProject
Project("{375B2A78-C89D-9A9A-8F51-4D1D622D598A}") = "zombie age", "Assembly-CSharp-Editor-vs.csproj", "{85F78120-87A9-05A9-01B5-D0533CD67FC5}"
EndProject
Global
	GlobalSection(SolutionConfigurationPlatforms) = preSolution
		Debug|Any CPU = Debug|Any CPU
		Release|Any CPU = Release|Any CPU
	EndGlobalSection
	GlobalSection(ProjectConfigurationPlatforms) = postSolution
		{C8A3952D-A0FA-162E-6009-D24523CD4CE8}.Debug|Any CPU.ActiveCfg = Debug|Any CPU
		{C8A3952D-A0FA-162E-6009-D24523CD4CE8}.Debug|Any CPU.Build.0 = Debug|Any CPU
		{C8A3952D-A0FA-162E-6009-D24523CD4CE8}.Release|Any CPU.ActiveCfg = Release|Any CPU
		{C8A3952D-A0FA-162E-6009-D24523CD4CE8}.Release|Any CPU.Build.0 = Release|Any CPU
		{85F78120-87A9-05A9-01B5-D0533CD67FC5}.Debug|Any CPU.ActiveCfg = Debug|Any CPU
		{85F78120-87A9-05A9-01B5-D0533CD67FC5}.Debug|Any CPU.Build.0 = Debug|Any CPU
		{85F78120-87A9-05A9-01B5-D0533CD67FC5}.Release|Any CPU.ActiveCfg = Release|Any CPU
		{85F78120-87A9-05A9-01B5-D0533CD67FC5}.Release|Any CPU.Build.0 = Release|Any CPU
	EndGlobalSection
	GlobalSection(SolutionProperties) = preSolution
		HideSolutionNode = FALSE
	EndGlobalSection
																																			GlobalSection(MonoDevelopProperties) = preSolution
		StartupItem = Assembly-CSharp.csproj
		Policies = $0
		$0.TextStylePolicy = $1
		$1.inheritsSet = null
		$1.scope = text/x-csharp
		$0.CSharpFormattingPolicy = $2
		$2.inheritsSet = Mono
		$2.inheritsScope = text/x-csharp
		$2.scope = text/x-csharp
		$0.TextStylePolicy = $3
		$3.FileWidth = 120
		$3.TabWidth = 4
		$3.IndentWidth = 4
		$3.EolMarker = Unix
		$3.inheritsSet = Mono
		$3.inheritsScope = text/plain
		$3.scope = text/plain
	EndGlobalSection

EndGlobal
